
Microsoft Visual Studio Solution File, Format Version 12.00
# Visual Studio Version 17
VisualStudioVersion = 17.5.33516.290
MinimumVisualStudioVersion = 10.0.40219.1
Project("{FAE04EC0-301F-11D3-BF4B-00C04F79EFBC}") = "ConsoleApp5", "ConsoleApp5\ConsoleApp5.csproj", "{17CEA4C3-04BA-4DA3-AC7A-A7EC5E6DCF3F}"
EndProject
Global
	GlobalSection(SolutionConfigurationPlatforms) = preSolution
		Debug|Any CPU = Debug|Any CPU
		Release|Any CPU = Release|Any CPU
	EndGlobalSection
	GlobalSection(ProjectConfigurationPlatforms) = postSolution
		{17CEA4C3-04BA-4DA3-AC7A-A7EC5E6DCF3F}.Debug|Any CPU.ActiveCfg = Debug|Any CPU
		{17CEA4C3-04BA-4DA3-AC7A-A7EC5E6DCF3F}.Debug|Any CPU.Build.0 = Debug|Any CPU
		{17CEA4C3-04BA-4DA3-AC7A-A7EC5E6DCF3F}.Release|Any CPU.ActiveCfg = Release|Any CPU
		{17CEA4C3-04BA-4DA3-AC7A-A7EC5E6DCF3F}.Release|Any CPU.Build.0 = Release|Any CPU
	EndGlobalSection
	GlobalSection(SolutionProperties) = preSolution
		HideSolutionNode = FALSE
	EndGlobalSection
	GlobalSection(ExtensibilityGlobals) = postSolution
		SolutionGuid = {3BD207E4-3712-468A-B8E7-BAFEB116D331}
	EndGlobalSection
EndGlobal
